
Microsoft Visual Studio Solution File, Format Version 12.00
# Visual Studio Version 16
VisualStudioVersion = 16.0.31424.327
MinimumVisualStudioVersion = 10.0.40219.1
Project("{FAE04EC0-301F-11D3-BF4B-00C04F79EFBC}") = "GiftShop", "GiftShop.csproj", "{BF87AC8A-E23E-4904-92C4-9AE8033BB434}"
EndProject
Global
	GlobalSection(SolutionConfigurationPlatforms) = preSolution
		Debug|Any CPU = Debug|Any CPU
		Release|Any CPU = Release|Any CPU
	EndGlobalSection
	GlobalSection(ProjectConfigurationPlatforms) = postSolution
		{BF87AC8A-E23E-4904-92C4-9AE8033BB434}.Debug|Any CPU.ActiveCfg = Debug|Any CPU
		{BF87AC8A-E23E-4904-92C4-9AE8033BB434}.Debug|Any CPU.Build.0 = Debug|Any CPU
		{BF87AC8A-E23E-4904-92C4-9AE8033BB434}.Release|Any CPU.ActiveCfg = Release|Any CPU
		{BF87AC8A-E23E-4904-92C4-9AE8033BB434}.Release|Any CPU.Build.0 = Release|Any CPU
	EndGlobalSection
	GlobalSection(SolutionProperties) = preSolution
		HideSolutionNode = FALSE
	EndGlobalSection
	GlobalSection(ExtensibilityGlobals) = postSolution
		SolutionGuid = {F954C14B-A62C-4817-9F1C-F3EFE0FB456C}
	EndGlobalSection
EndGlobal
